{
  "name": "awesome-star-react",
  "version": "0.1.0",
  "lockfileVersion": 1,
  "requires": true,
  "dependencies": {
    "@types/halogen": {
      "version": "0.2.5",
      "resolved": "https://registry.npmjs.org/@types/halogen/-/halogen-0.2.5.tgz",
      "integrity": "sha512-vfG0o270VYuo+FKhHi+AnETWG8sIxqDPS9JtbDJutLXEU+pGK2q/nLNiCXg0eIHbdyaFbvYk2E2olnmwvV+sew==",
      "dev": true,
      "requires": {
        "@types/react": "16.3.16"
      }
    },
    "@types/react": {
      "version": "16.3.16",
      "resolved": "https://registry.npmjs.org/@types/react/-/react-16.3.16.tgz",
      "integrity": "sha512-fM7YX3Q9a915DXi8T06F8906bWv19sbkVO+k5PUYRIWXU2PINLEHbMMGgySem2phwF6En0+HGI6MOrobp+Ya1g==",
      "dev": true,
      "requires": {
        "csstype": "2.5.3"
      }
    },
    "csstype": {
      "version": "2.5.3",
      "resolved": "https://registry.npmjs.org/csstype/-/csstype-2.5.3.tgz",
      "integrity": "sha512-G5HnoK8nOiAq3DXIEoY2n/8Vb7Lgrms+jGJl8E4EJpQEeVONEnPFJSl8IK505wPBoxxtrtHhrRm4WX2GgdqarA==",
      "dev": true
    }
  }
}
